
Microsoft Visual Studio Solution File, Format Version 12.00
# Visual Studio Version 17
VisualStudioVersion = 17.14.36518.9
MinimumVisualStudioVersion = 10.0.40219.1
Project("{FAE04EC0-301F-11D3-BF4B-00C04F79EFBC}") = "ArtistRegistry.Standard.Common", "ArtistRegistry.Standard.Common\ArtistRegistry.Standard.Common.csproj", "{BE204EA8-B28B-4408-B93B-CCA87796AF7F}"
EndProject
Project("{FAE04EC0-301F-11D3-BF4B-00C04F79EFBC}") = "ArtistRegistry.Standard.Data", "ArtistRegistry.Standard.Data\ArtistRegistry.Standard.Data.csproj", "{A830A610-DF87-4F93-AF14-2B93D609B3AD}"
EndProject
Project("{FAE04EC0-301F-11D3-BF4B-00C04F79EFBC}") = "ArtistRegistry.Core.WebScraperLibrary", "ArtistRegistry.Core.WebScraperLibrary\ArtistRegistry.Core.WebScraperLibrary.csproj", "{212AA635-7039-4E95-A0A5-69BA25B1BF94}"
EndProject
Project("{FAE04EC0-301F-11D3-BF4B-00C04F79EFBC}") = "ArtistRegistry.WebScaper.Tests", "ArtistRegistry.WebScaper.Tests\ArtistRegistry.WebScaper.Tests.csproj", "{65F9EBC3-D06C-4233-A58E-4071293CB791}"
EndProject
Global
	GlobalSection(SolutionConfigurationPlatforms) = preSolution
		Debug|Any CPU = Debug|Any CPU
		Release|Any CPU = Release|Any CPU
	EndGlobalSection
	GlobalSection(ProjectConfigurationPlatforms) = postSolution
		{BE204EA8-B28B-4408-B93B-CCA87796AF7F}.Debug|Any CPU.ActiveCfg = Debug|Any CPU
		{BE204EA8-B28B-4408-B93B-CCA87796AF7F}.Debug|Any CPU.Build.0 = Debug|Any CPU
		{BE204EA8-B28B-4408-B93B-CCA87796AF7F}.Release|Any CPU.ActiveCfg = Release|Any CPU
		{BE204EA8-B28B-4408-B93B-CCA87796AF7F}.Release|Any CPU.Build.0 = Release|Any CPU
		{A830A610-DF87-4F93-AF14-2B93D609B3AD}.Debug|Any CPU.ActiveCfg = Debug|Any CPU
		{A830A610-DF87-4F93-AF14-2B93D609B3AD}.Debug|Any CPU.Build.0 = Debug|Any CPU
		{A830A610-DF87-4F93-AF14-2B93D609B3AD}.Release|Any CPU.ActiveCfg = Release|Any CPU
		{A830A610-DF87-4F93-AF14-2B93D609B3AD}.Release|Any CPU.Build.0 = Release|Any CPU
		{212AA635-7039-4E95-A0A5-69BA25B1BF94}.Debug|Any CPU.ActiveCfg = Debug|Any CPU
		{212AA635-7039-4E95-A0A5-69BA25B1BF94}.Debug|Any CPU.Build.0 = Debug|Any CPU
		{212AA635-7039-4E95-A0A5-69BA25B1BF94}.Release|Any CPU.ActiveCfg = Release|Any CPU
		{212AA635-7039-4E95-A0A5-69BA25B1BF94}.Release|Any CPU.Build.0 = Release|Any CPU
		{65F9EBC3-D06C-4233-A58E-4071293CB791}.Debug|Any CPU.ActiveCfg = Debug|Any CPU
		{65F9EBC3-D06C-4233-A58E-4071293CB791}.Debug|Any CPU.Build.0 = Debug|Any CPU
		{65F9EBC3-D06C-4233-A58E-4071293CB791}.Release|Any CPU.ActiveCfg = Release|Any CPU
		{65F9EBC3-D06C-4233-A58E-4071293CB791}.Release|Any CPU.Build.0 = Release|Any CPU
	EndGlobalSection
	GlobalSection(SolutionProperties) = preSolution
		HideSolutionNode = FALSE
	EndGlobalSection
	GlobalSection(ExtensibilityGlobals) = postSolution
		SolutionGuid = {65613AD5-7028-4C9B-9664-75E3617FACB3}
	EndGlobalSection
EndGlobal
